
Microsoft Visual Studio Solution File, Format Version 12.00
# Visual Studio 14
VisualStudioVersion = 14.0.25420.1
MinimumVisualStudioVersion = 10.0.40219.1
Project("{FAE04EC0-301F-11D3-BF4B-00C04F79EFBC}") = "Family", "Family\Family\Family.csproj", "{79AEC727-5AD3-4116-93C6-61DF4FBE10A2}"
EndProject
Project("{FAE04EC0-301F-11D3-BF4B-00C04F79EFBC}") = "Family.Droid", "Family\Family.Droid\Family.Droid.csproj", "{A1F38AE5-2EBE-4027-BF09-372F78327374}"
EndProject
Project("{FAE04EC0-301F-11D3-BF4B-00C04F79EFBC}") = "Family.iOS", "Family\Family.iOS\Family.iOS.csproj", "{4ABBD1CD-EAAF-4368-AFCA-C1B98451E374}"
EndProject
Project("{FAE04EC0-301F-11D3-BF4B-00C04F79EFBC}") = "Family.WinPhone", "Family\Family.WinPhone\Family.WinPhone.csproj", "{61CBBAB9-1AE8-4727-9797-5D5338A78BB6}"
EndProject
Project("{FAE04EC0-301F-11D3-BF4B-00C04F79EFBC}") = "Family.UWP", "Family\Family.UWP\Family.UWP.csproj", "{62199476-79B5-4ABD-B610-616C0F46C513}"
EndProject
Project("{FAE04EC0-301F-11D3-BF4B-00C04F79EFBC}") = "Family.Windows", "Family\Family.Windows\Family.Windows.csproj", "{4BC2217A-6511-4833-9997-D0E7719EAA2A}"
EndProject
Global
	GlobalSection(SolutionConfigurationPlatforms) = preSolution
		Ad-Hoc|Any CPU = Ad-Hoc|Any CPU
		Ad-Hoc|ARM = Ad-Hoc|ARM
		Ad-Hoc|iPhone = Ad-Hoc|iPhone
		Ad-Hoc|iPhoneSimulator = Ad-Hoc|iPhoneSimulator
		Ad-Hoc|x64 = Ad-Hoc|x64
		Ad-Hoc|x86 = Ad-Hoc|x86
		AppStore|Any CPU = AppStore|Any CPU
		AppStore|ARM = AppStore|ARM
		AppStore|iPhone = AppStore|iPhone
		AppStore|iPhoneSimulator = AppStore|iPhoneSimulator
		AppStore|x64 = AppStore|x64
		AppStore|x86 = AppStore|x86
		Debug|Any CPU = Debug|Any CPU
		Debug|ARM = Debug|ARM
		Debug|iPhone = Debug|iPhone
		Debug|iPhoneSimulator = Debug|iPhoneSimulator
		Debug|x64 = Debug|x64
		Debug|x86 = Debug|x86
		Release|Any CPU = Release|Any CPU
		Release|ARM = Release|ARM
		Release|iPhone = Release|iPhone
		Release|iPhoneSimulator = Release|iPhoneSimulator
		Release|x64 = Release|x64
		Release|x86 = Release|x86
	EndGlobalSection
	GlobalSection(ProjectConfigurationPlatforms) = postSolution
		{79AEC727-5AD3-4116-93C6-61DF4FBE10A2}.Ad-Hoc|Any CPU.ActiveCfg = Release|Any CPU
		{79AEC727-5AD3-4116-93C6-61DF4FBE10A2}.Ad-Hoc|Any CPU.Build.0 = Release|Any CPU
		{79AEC727-5AD3-4116-93C6-61DF4FBE10A2}.Ad-Hoc|ARM.ActiveCfg = Release|Any CPU
		{79AEC727-5AD3-4116-93C6-61DF4FBE10A2}.Ad-Hoc|ARM.Build.0 = Release|Any CPU
		{79AEC727-5AD3-4116-93C6-61DF4FBE10A2}.Ad-Hoc|iPhone.ActiveCfg = Release|Any CPU
		{79AEC727-5AD3-4116-93C6-61DF4FBE10A2}.Ad-Hoc|iPhone.Build.0 = Release|Any CPU
		{79AEC727-5AD3-4116-93C6-61DF4FBE10A2}.Ad-Hoc|iPhoneSimulator.ActiveCfg = Release|Any CPU
		{79AEC727-5AD3-4116-93C6-61DF4FBE10A2}.Ad-Hoc|iPhoneSimulator.Build.0 = Release|Any CPU
		{79AEC727-5AD3-4116-93C6-61DF4FBE10A2}.Ad-Hoc|x64.ActiveCfg = Release|Any CPU
		{79AEC727-5AD3-4116-93C6-61DF4FBE10A2}.Ad-Hoc|x64.Build.0 = Release|Any CPU
		{79AEC727-5AD3-4116-93C6-61DF4FBE10A2}.Ad-Hoc|x86.ActiveCfg = Release|Any CPU
		{79AEC727-5AD3-4116-93C6-61DF4FBE10A2}.Ad-Hoc|x86.Build.0 = Release|Any CPU
		{79AEC727-5AD3-4116-93C6-61DF4FBE10A2}.AppStore|Any CPU.ActiveCfg = Release|Any CPU
		{79AEC727-5AD3-4116-93C6-61DF4FBE10A2}.AppStore|Any CPU.Build.0 = Release|Any CPU
		{79AEC727-5AD3-4116-93C6-61DF4FBE10A2}.AppStore|ARM.ActiveCfg = Release|Any CPU
		{79AEC727-5AD3-4116-93C6-61DF4FBE10A2}.AppStore|ARM.Build.0 = Release|Any CPU
		{79AEC727-5AD3-4116-93C6-61DF4FBE10A2}.AppStore|iPhone.ActiveCfg = Release|Any CPU
		{79AEC727-5AD3-4116-93C6-61DF4FBE10A2}.AppStore|iPhone.Build.0 = Release|Any CPU
		{79AEC727-5AD3-4116-93C6-61DF4FBE10A2}.AppStore|iPhoneSimulator.ActiveCfg = Release|Any CPU
		{79AEC727-5AD3-4116-93C6-61DF4FBE10A2}.AppStore|iPhoneSimulator.Build.0 = Release|Any CPU
		{79AEC727-5AD3-4116-93C6-61DF4FBE10A2}.AppStore|x64.ActiveCfg = Release|Any CPU
		{79AEC727-5AD3-4116-93C6-61DF4FBE10A2}.AppStore|x64.Build.0 = Release|Any CPU
		{79AEC727-5AD3-4116-93C6-61DF4FBE10A2}.AppStore|x86.ActiveCfg = Release|Any CPU
		{79AEC727-5AD3-4116-93C6-61DF4FBE10A2}.AppStore|x86.Build.0 = Release|Any CPU
		{79AEC727-5AD3-4116-93C6-61DF4FBE10A2}.Debug|Any CPU.ActiveCfg = Debug|Any CPU
		{79AEC727-5AD3-4116-93C6-61DF4FBE10A2}.Debug|Any CPU.Build.0 = Debug|Any CPU
		{79AEC727-5AD3-4116-93C6-61DF4FBE10A2}.Debug|ARM.ActiveCfg = Debug|Any CPU
		{79AEC727-5AD3-4116-93C6-61DF4FBE10A2}.Debug|ARM.Build.0 = Debug|Any CPU
		{79AEC727-5AD3-4116-93C6-61DF4FBE10A2}.Debug|iPhone.ActiveCfg = Debug|Any CPU
		{79AEC727-5AD3-4116-93C6-61DF4FBE10A2}.Debug|iPhone.Build.0 = Debug|Any CPU
		{79AEC727-5AD3-4116-93C6-61DF4FBE10A2}.Debug|iPhone.Deploy.0 = Debug|Any CPU
		{79AEC727-5AD3-4116-93C6-61DF4FBE10A2}.Debug|iPhoneSimulator.ActiveCfg = Debug|Any CPU
		{79AEC727-5AD3-4116-93C6-61DF4FBE10A2}.Debug|iPhoneSimulator.Build.0 = Debug|Any CPU
		{79AEC727-5AD3-4116-93C6-61DF4FBE10A2}.Debug|x64.ActiveCfg = Debug|Any CPU
		{79AEC727-5AD3-4116-93C6-61DF4FBE10A2}.Debug|x64.Build.0 = Debug|Any CPU
		{79AEC727-5AD3-4116-93C6-61DF4FBE10A2}.Debug|x86.ActiveCfg = Debug|Any CPU
		{79AEC727-5AD3-4116-93C6-61DF4FBE10A2}.Debug|x86.Build.0 = Debug|Any CPU
		{79AEC727-5AD3-4116-93C6-61DF4FBE10A2}.Release|Any CPU.ActiveCfg = Release|Any CPU
		{79AEC727-5AD3-4116-93C6-61DF4FBE10A2}.Release|Any CPU.Build.0 = Release|Any CPU
		{79AEC727-5AD3-4116-93C6-61DF4FBE10A2}.Release|ARM.ActiveCfg = Release|Any CPU
		{79AEC727-5AD3-4116-93C6-61DF4FBE10A2}.Release|ARM.Build.0 = Release|Any CPU
		{79AEC727-5AD3-4116-93C6-61DF4FBE10A2}.Release|iPhone.ActiveCfg = Release|Any CPU
		{79AEC727-5AD3-4116-93C6-61DF4FBE10A2}.Release|iPhone.Build.0 = Release|Any CPU
		{79AEC727-5AD3-4116-93C6-61DF4FBE10A2}.Release|iPhoneSimulator.ActiveCfg = Release|Any CPU
		{79AEC727-5AD3-4116-93C6-61DF4FBE10A2}.Release|iPhoneSimulator.Build.0 = Release|Any CPU
		{79AEC727-5AD3-4116-93C6-61DF4FBE10A2}.Release|x64.ActiveCfg = Release|Any CPU
		{79AEC727-5AD3-4116-93C6-61DF4FBE10A2}.Release|x64.Build.0 = Release|Any CPU
		{79AEC727-5AD3-4116-93C6-61DF4FBE10A2}.Release|x86.ActiveCfg = Release|Any CPU
		{79AEC727-5AD3-4116-93C6-61DF4FBE10A2}.Release|x86.Build.0 = Release|Any CPU
		{A1F38AE5-2EBE-4027-BF09-372F78327374}.Ad-Hoc|Any CPU.ActiveCfg = Release|Any CPU
		{A1F38AE5-2EBE-4027-BF09-372F78327374}.Ad-Hoc|Any CPU.Build.0 = Release|Any CPU
		{A1F38AE5-2EBE-4027-BF09-372F78327374}.Ad-Hoc|Any CPU.Deploy.0 = Release|Any CPU
		{A1F38AE5-2EBE-4027-BF09-372F78327374}.Ad-Hoc|ARM.ActiveCfg = Release|Any CPU
		{A1F38AE5-2EBE-4027-BF09-372F78327374}.Ad-Hoc|ARM.Build.0 = Release|Any CPU
		{A1F38AE5-2EBE-4027-BF09-372F78327374}.Ad-Hoc|ARM.Deploy.0 = Release|Any CPU
		{A1F38AE5-2EBE-4027-BF09-372F78327374}.Ad-Hoc|iPhone.ActiveCfg = Release|Any CPU
		{A1F38AE5-2EBE-4027-BF09-372F78327374}.Ad-Hoc|iPhone.Build.0 = Release|Any CPU
		{A1F38AE5-2EBE-4027-BF09-372F78327374}.Ad-Hoc|iPhone.Deploy.0 = Release|Any CPU
		{A1F38AE5-2EBE-4027-BF09-372F78327374}.Ad-Hoc|iPhoneSimulator.ActiveCfg = Release|Any CPU
		{A1F38AE5-2EBE-4027-BF09-372F78327374}.Ad-Hoc|iPhoneSimulator.Build.0 = Release|Any CPU
		{A1F38AE5-2EBE-4027-BF09-372F78327374}.Ad-Hoc|iPhoneSimulator.Deploy.0 = Release|Any CPU
		{A1F38AE5-2EBE-4027-BF09-372F78327374}.Ad-Hoc|x64.ActiveCfg = Release|Any CPU
		{A1F38AE5-2EBE-4027-BF09-372F78327374}.Ad-Hoc|x64.Build.0 = Release|Any CPU
		{A1F38AE5-2EBE-4027-BF09-372F78327374}.Ad-Hoc|x64.Deploy.0 = Release|Any CPU
		{A1F38AE5-2EBE-4027-BF09-372F78327374}.Ad-Hoc|x86.ActiveCfg = Release|Any CPU
		{A1F38AE5-2EBE-4027-BF09-372F78327374}.Ad-Hoc|x86.Build.0 = Release|Any CPU
		{A1F38AE5-2EBE-4027-BF09-372F78327374}.Ad-Hoc|x86.Deploy.0 = Release|Any CPU
		{A1F38AE5-2EBE-4027-BF09-372F78327374}.AppStore|Any CPU.ActiveCfg = Release|Any CPU
		{A1F38AE5-2EBE-4027-BF09-372F78327374}.AppStore|Any CPU.Build.0 = Release|Any CPU
		{A1F38AE5-2EBE-4027-BF09-372F78327374}.AppStore|Any CPU.Deploy.0 = Release|Any CPU
		{A1F38AE5-2EBE-4027-BF09-372F78327374}.AppStore|ARM.ActiveCfg = Release|Any CPU
		{A1F38AE5-2EBE-4027-BF09-372F78327374}.AppStore|ARM.Build.0 = Release|Any CPU
		{A1F38AE5-2EBE-4027-BF09-372F78327374}.AppStore|ARM.Deploy.0 = Release|Any CPU
		{A1F38AE5-2EBE-4027-BF09-372F78327374}.AppStore|iPhone.ActiveCfg = Release|Any CPU
		{A1F38AE5-2EBE-4027-BF09-372F78327374}.AppStore|iPhone.Build.0 = Release|Any CPU
		{A1F38AE5-2EBE-4027-BF09-372F78327374}.AppStore|iPhone.Deploy.0 = Release|Any CPU
		{A1F38AE5-2EBE-4027-BF09-372F78327374}.AppStore|iPhoneSimulator.ActiveCfg = Release|Any CPU
		{A1F38AE5-2EBE-4027-BF09-372F78327374}.AppStore|iPhoneSimulator.Build.0 = Release|Any CPU
		{A1F38AE5-2EBE-4027-BF09-372F78327374}.AppStore|iPhoneSimulator.Deploy.0 = Release|Any CPU
		{A1F38AE5-2EBE-4027-BF09-372F78327374}.AppStore|x64.ActiveCfg = Release|Any CPU
		{A1F38AE5-2EBE-4027-BF09-372F78327374}.AppStore|x64.Build.0 = Release|Any CPU
		{A1F38AE5-2EBE-4027-BF09-372F78327374}.AppStore|x64.Deploy.0 = Release|Any CPU
		{A1F38AE5-2EBE-4027-BF09-372F78327374}.AppStore|x86.ActiveCfg = Release|Any CPU
		{A1F38AE5-2EBE-4027-BF09-372F78327374}.AppStore|x86.Build.0 = Release|Any CPU
		{A1F38AE5-2EBE-4027-BF09-372F78327374}.AppStore|x86.Deploy.0 = Release|Any CPU
		{A1F38AE5-2EBE-4027-BF09-372F78327374}.Debug|Any CPU.ActiveCfg = Debug|Any CPU
		{A1F38AE5-2EBE-4027-BF09-372F78327374}.Debug|Any CPU.Build.0 = Debug|Any CPU
		{A1F38AE5-2EBE-4027-BF09-372F78327374}.Debug|Any CPU.Deploy.0 = Debug|Any CPU
		{A1F38AE5-2EBE-4027-BF09-372F78327374}.Debug|ARM.ActiveCfg = Debug|Any CPU
		{A1F38AE5-2EBE-4027-BF09-372F78327374}.Debug|ARM.Build.0 = Debug|Any CPU
		{A1F38AE5-2EBE-4027-BF09-372F78327374}.Debug|ARM.Deploy.0 = Debug|Any CPU
		{A1F38AE5-2EBE-4027-BF09-372F78327374}.Debug|iPhone.ActiveCfg = Debug|Any CPU
		{A1F38AE5-2EBE-4027-BF09-372F78327374}.Debug|iPhone.Build.0 = Debug|Any CPU
		{A1F38AE5-2EBE-4027-BF09-372F78327374}.Debug|iPhone.Deploy.0 = Debug|Any CPU
		{A1F38AE5-2EBE-4027-BF09-372F78327374}.Debug|iPhoneSimulator.ActiveCfg = Debug|Any CPU
		{A1F38AE5-2EBE-4027-BF09-372F78327374}.Debug|iPhoneSimulator.Build.0 = Debug|Any CPU
		{A1F38AE5-2EBE-4027-BF09-372F78327374}.Debug|iPhoneSimulator.Deploy.0 = Debug|Any CPU
		{A1F38AE5-2EBE-4027-BF09-372F78327374}.Debug|x64.ActiveCfg = Debug|Any CPU
		{A1F38AE5-2EBE-4027-BF09-372F78327374}.Debug|x64.Build.0 = Debug|Any CPU
		{A1F38AE5-2EBE-4027-BF09-372F78327374}.Debug|x64.Deploy.0 = Debug|Any CPU
		{A1F38AE5-2EBE-4027-BF09-372F78327374}.Debug|x86.ActiveCfg = Debug|Any CPU
		{A1F38AE5-2EBE-4027-BF09-372F78327374}.Debug|x86.Build.0 = Debug|Any CPU
		{A1F38AE5-2EBE-4027-BF09-372F78327374}.Debug|x86.Deploy.0 = Debug|Any CPU
		{A1F38AE5-2EBE-4027-BF09-372F78327374}.Release|Any CPU.ActiveCfg = Release|Any CPU
		{A1F38AE5-2EBE-4027-BF09-372F78327374}.Release|Any CPU.Build.0 = Release|Any CPU
		{A1F38AE5-2EBE-4027-BF09-372F78327374}.Release|Any CPU.Deploy.0 = Release|Any CPU
		{A1F38AE5-2EBE-4027-BF09-372F78327374}.Release|ARM.ActiveCfg = Release|Any CPU
		{A1F38AE5-2EBE-4027-BF09-372F78327374}.Release|ARM.Build.0 = Release|Any CPU
		{A1F38AE5-2EBE-4027-BF09-372F78327374}.Release|ARM.Deploy.0 = Release|Any CPU
		{A1F38AE5-2EBE-4027-BF09-372F78327374}.Release|iPhone.ActiveCfg = Release|Any CPU
		{A1F38AE5-2EBE-4027-BF09-372F78327374}.Release|iPhone.Build.0 = Release|Any CPU
		{A1F38AE5-2EBE-4027-BF09-372F78327374}.Release|iPhone.Deploy.0 = Release|Any CPU
		{A1F38AE5-2EBE-4027-BF09-372F78327374}.Release|iPhoneSimulator.ActiveCfg = Release|Any CPU
		{A1F38AE5-2EBE-4027-BF09-372F78327374}.Release|iPhoneSimulator.Build.0 = Release|Any CPU
		{A1F38AE5-2EBE-4027-BF09-372F78327374}.Release|iPhoneSimulator.Deploy.0 = Release|Any CPU
		{A1F38AE5-2EBE-4027-BF09-372F78327374}.Release|x64.ActiveCfg = Release|Any CPU
		{A1F38AE5-2EBE-4027-BF09-372F78327374}.Release|x64.Build.0 = Release|Any CPU
		{A1F38AE5-2EBE-4027-BF09-372F78327374}.Release|x64.Deploy.0 = Release|Any CPU
		{A1F38AE5-2EBE-4027-BF09-372F78327374}.Release|x86.ActiveCfg = Release|Any CPU
		{A1F38AE5-2EBE-4027-BF09-372F78327374}.Release|x86.Build.0 = Release|Any CPU
		{A1F38AE5-2EBE-4027-BF09-372F78327374}.Release|x86.Deploy.0 = Release|Any CPU
		{4ABBD1CD-EAAF-4368-AFCA-C1B98451E374}.Ad-Hoc|Any CPU.ActiveCfg = Ad-Hoc|iPhone
		{4ABBD1CD-EAAF-4368-AFCA-C1B98451E374}.Ad-Hoc|ARM.ActiveCfg = Ad-Hoc|iPhone
		{4ABBD1CD-EAAF-4368-AFCA-C1B98451E374}.Ad-Hoc|iPhone.ActiveCfg = Ad-Hoc|iPhone
		{4ABBD1CD-EAAF-4368-AFCA-C1B98451E374}.Ad-Hoc|iPhone.Build.0 = Ad-Hoc|iPhone
		{4ABBD1CD-EAAF-4368-AFCA-C1B98451E374}.Ad-Hoc|iPhoneSimulator.ActiveCfg = Ad-Hoc|iPhoneSimulator
		{4ABBD1CD-EAAF-4368-AFCA-C1B98451E374}.Ad-Hoc|iPhoneSimulator.Build.0 = Ad-Hoc|iPhoneSimulator
		{4ABBD1CD-EAAF-4368-AFCA-C1B98451E374}.Ad-Hoc|x64.ActiveCfg = Ad-Hoc|iPhone
		{4ABBD1CD-EAAF-4368-AFCA-C1B98451E374}.Ad-Hoc|x86.ActiveCfg = Ad-Hoc|iPhone
		{4ABBD1CD-EAAF-4368-AFCA-C1B98451E374}.AppStore|Any CPU.ActiveCfg = AppStore|iPhone
		{4ABBD1CD-EAAF-4368-AFCA-C1B98451E374}.AppStore|ARM.ActiveCfg = AppStore|iPhone
		{4ABBD1CD-EAAF-4368-AFCA-C1B98451E374}.AppStore|iPhone.ActiveCfg = AppStore|iPhone
		{4ABBD1CD-EAAF-4368-AFCA-C1B98451E374}.AppStore|iPhone.Build.0 = AppStore|iPhone
		{4ABBD1CD-EAAF-4368-AFCA-C1B98451E374}.AppStore|iPhoneSimulator.ActiveCfg = AppStore|iPhoneSimulator
		{4ABBD1CD-EAAF-4368-AFCA-C1B98451E374}.AppStore|iPhoneSimulator.Build.0 = AppStore|iPhoneSimulator
		{4ABBD1CD-EAAF-4368-AFCA-C1B98451E374}.AppStore|x64.ActiveCfg = AppStore|iPhone
		{4ABBD1CD-EAAF-4368-AFCA-C1B98451E374}.AppStore|x86.ActiveCfg = AppStore|iPhone
		{4ABBD1CD-EAAF-4368-AFCA-C1B98451E374}.Debug|Any CPU.ActiveCfg = Debug|iPhone
		{4ABBD1CD-EAAF-4368-AFCA-C1B98451E374}.Debug|ARM.ActiveCfg = Debug|iPhone
		{4ABBD1CD-EAAF-4368-AFCA-C1B98451E374}.Debug|iPhone.ActiveCfg = Debug|iPhone
		{4ABBD1CD-EAAF-4368-AFCA-C1B98451E374}.Debug|iPhoneSimulator.ActiveCfg = Debug|iPhoneSimulator
		{4ABBD1CD-EAAF-4368-AFCA-C1B98451E374}.Debug|iPhoneSimulator.Build.0 = Debug|iPhoneSimulator
		{4ABBD1CD-EAAF-4368-AFCA-C1B98451E374}.Debug|x64.ActiveCfg = Debug|iPhone
		{4ABBD1CD-EAAF-4368-AFCA-C1B98451E374}.Debug|x86.ActiveCfg = Debug|iPhone
		{4ABBD1CD-EAAF-4368-AFCA-C1B98451E374}.Release|Any CPU.ActiveCfg = Release|iPhone
		{4ABBD1CD-EAAF-4368-AFCA-C1B98451E374}.Release|ARM.ActiveCfg = Release|iPhone
		{4ABBD1CD-EAAF-4368-AFCA-C1B98451E374}.Release|iPhone.ActiveCfg = Release|iPhone
		{4ABBD1CD-EAAF-4368-AFCA-C1B98451E374}.Release|iPhone.Build.0 = Release|iPhone
		{4ABBD1CD-EAAF-4368-AFCA-C1B98451E374}.Release|iPhoneSimulator.ActiveCfg = Release|iPhoneSimulator
		{4ABBD1CD-EAAF-4368-AFCA-C1B98451E374}.Release|iPhoneSimulator.Build.0 = Release|iPhoneSimulator
		{4ABBD1CD-EAAF-4368-AFCA-C1B98451E374}.Release|x64.ActiveCfg = Release|iPhone
		{4ABBD1CD-EAAF-4368-AFCA-C1B98451E374}.Release|x86.ActiveCfg = Release|iPhone
		{61CBBAB9-1AE8-4727-9797-5D5338A78BB6}.Ad-Hoc|Any CPU.ActiveCfg = Release|Any CPU
		{61CBBAB9-1AE8-4727-9797-5D5338A78BB6}.Ad-Hoc|Any CPU.Build.0 = Release|Any CPU
		{61CBBAB9-1AE8-4727-9797-5D5338A78BB6}.Ad-Hoc|Any CPU.Deploy.0 = Release|Any CPU
		{61CBBAB9-1AE8-4727-9797-5D5338A78BB6}.Ad-Hoc|ARM.ActiveCfg = Release|ARM
		{61CBBAB9-1AE8-4727-9797-5D5338A78BB6}.Ad-Hoc|ARM.Build.0 = Release|ARM
		{61CBBAB9-1AE8-4727-9797-5D5338A78BB6}.Ad-Hoc|ARM.Deploy.0 = Release|ARM
		{61CBBAB9-1AE8-4727-9797-5D5338A78BB6}.Ad-Hoc|iPhone.ActiveCfg = Release|Any CPU
		{61CBBAB9-1AE8-4727-9797-5D5338A78BB6}.Ad-Hoc|iPhone.Build.0 = Release|Any CPU
		{61CBBAB9-1AE8-4727-9797-5D5338A78BB6}.Ad-Hoc|iPhone.Deploy.0 = Release|Any CPU
		{61CBBAB9-1AE8-4727-9797-5D5338A78BB6}.Ad-Hoc|iPhoneSimulator.ActiveCfg = Release|Any CPU
		{61CBBAB9-1AE8-4727-9797-5D5338A78BB6}.Ad-Hoc|iPhoneSimulator.Build.0 = Release|Any CPU
		{61CBBAB9-1AE8-4727-9797-5D5338A78BB6}.Ad-Hoc|iPhoneSimulator.Deploy.0 = Release|Any CPU
		{61CBBAB9-1AE8-4727-9797-5D5338A78BB6}.Ad-Hoc|x64.ActiveCfg = Release|Any CPU
		{61CBBAB9-1AE8-4727-9797-5D5338A78BB6}.Ad-Hoc|x64.Build.0 = Release|Any CPU
		{61CBBAB9-1AE8-4727-9797-5D5338A78BB6}.Ad-Hoc|x64.Deploy.0 = Release|Any CPU
		{61CBBAB9-1AE8-4727-9797-5D5338A78BB6}.Ad-Hoc|x86.ActiveCfg = Release|x86
		{61CBBAB9-1AE8-4727-9797-5D5338A78BB6}.Ad-Hoc|x86.Build.0 = Release|x86
		{61CBBAB9-1AE8-4727-9797-5D5338A78BB6}.Ad-Hoc|x86.Deploy.0 = Release|x86
		{61CBBAB9-1AE8-4727-9797-5D5338A78BB6}.AppStore|Any CPU.ActiveCfg = Release|Any CPU
		{61CBBAB9-1AE8-4727-9797-5D5338A78BB6}.AppStore|Any CPU.Build.0 = Release|Any CPU
		{61CBBAB9-1AE8-4727-9797-5D5338A78BB6}.AppStore|Any CPU.Deploy.0 = Release|Any CPU
		{61CBBAB9-1AE8-4727-9797-5D5338A78BB6}.AppStore|ARM.ActiveCfg = Release|ARM
		{61CBBAB9-1AE8-4727-9797-5D5338A78BB6}.AppStore|ARM.Build.0 = Release|ARM
		{61CBBAB9-1AE8-4727-9797-5D5338A78BB6}.AppStore|ARM.Deploy.0 = Release|ARM
		{61CBBAB9-1AE8-4727-9797-5D5338A78BB6}.AppStore|iPhone.ActiveCfg = Release|Any CPU
		{61CBBAB9-1AE8-4727-9797-5D5338A78BB6}.AppStore|iPhone.Build.0 = Release|Any CPU
		{61CBBAB9-1AE8-4727-9797-5D5338A78BB6}.AppStore|iPhone.Deploy.0 = Release|Any CPU
		{61CBBAB9-1AE8-4727-9797-5D5338A78BB6}.AppStore|iPhoneSimulator.ActiveCfg = Release|Any CPU
		{61CBBAB9-1AE8-4727-9797-5D5338A78BB6}.AppStore|iPhoneSimulator.Build.0 = Release|Any CPU
		{61CBBAB9-1AE8-4727-9797-5D5338A78BB6}.AppStore|iPhoneSimulator.Deploy.0 = Release|Any CPU
		{61CBBAB9-1AE8-4727-9797-5D5338A78BB6}.AppStore|x64.ActiveCfg = Release|Any CPU
		{61CBBAB9-1AE8-4727-9797-5D5338A78BB6}.AppStore|x64.Build.0 = Release|Any CPU
		{61CBBAB9-1AE8-4727-9797-5D5338A78BB6}.AppStore|x64.Deploy.0 = Release|Any CPU
		{61CBBAB9-1AE8-4727-9797-5D5338A78BB6}.AppStore|x86.ActiveCfg = Release|x86
		{61CBBAB9-1AE8-4727-9797-5D5338A78BB6}.AppStore|x86.Build.0 = Release|x86
		{61CBBAB9-1AE8-4727-9797-5D5338A78BB6}.AppStore|x86.Deploy.0 = Release|x86
		{61CBBAB9-1AE8-4727-9797-5D5338A78BB6}.Debug|Any CPU.ActiveCfg = Debug|Any CPU
		{61CBBAB9-1AE8-4727-9797-5D5338A78BB6}.Debug|Any CPU.Build.0 = Debug|Any CPU
		{61CBBAB9-1AE8-4727-9797-5D5338A78BB6}.Debug|Any CPU.Deploy.0 = Debug|Any CPU
		{61CBBAB9-1AE8-4727-9797-5D5338A78BB6}.Debug|ARM.ActiveCfg = Debug|ARM
		{61CBBAB9-1AE8-4727-9797-5D5338A78BB6}.Debug|ARM.Build.0 = Debug|ARM
		{61CBBAB9-1AE8-4727-9797-5D5338A78BB6}.Debug|ARM.Deploy.0 = Debug|ARM
		{61CBBAB9-1AE8-4727-9797-5D5338A78BB6}.Debug|iPhone.ActiveCfg = Debug|Any CPU
		{61CBBAB9-1AE8-4727-9797-5D5338A78BB6}.Debug|iPhone.Build.0 = Debug|Any CPU
		{61CBBAB9-1AE8-4727-9797-5D5338A78BB6}.Debug|iPhone.Deploy.0 = Debug|Any CPU
		{61CBBAB9-1AE8-4727-9797-5D5338A78BB6}.Debug|iPhoneSimulator.ActiveCfg = Debug|Any CPU
		{61CBBAB9-1AE8-4727-9797-5D5338A78BB6}.Debug|iPhoneSimulator.Build.0 = Debug|Any CPU
		{61CBBAB9-1AE8-4727-9797-5D5338A78BB6}.Debug|iPhoneSimulator.Deploy.0 = Debug|Any CPU
		{61CBBAB9-1AE8-4727-9797-5D5338A78BB6}.Debug|x64.ActiveCfg = Debug|Any CPU
		{61CBBAB9-1AE8-4727-9797-5D5338A78BB6}.Debug|x64.Build.0 = Debug|Any CPU
		{61CBBAB9-1AE8-4727-9797-5D5338A78BB6}.Debug|x64.Deploy.0 = Debug|Any CPU
		{61CBBAB9-1AE8-4727-9797-5D5338A78BB6}.Debug|x86.ActiveCfg = Debug|x86
		{61CBBAB9-1AE8-4727-9797-5D5338A78BB6}.Debug|x86.Build.0 = Debug|x86
		{61CBBAB9-1AE8-4727-9797-5D5338A78BB6}.Debug|x86.Deploy.0 = Debug|x86
		{61CBBAB9-1AE8-4727-9797-5D5338A78BB6}.Release|Any CPU.ActiveCfg = Release|Any CPU
		{61CBBAB9-1AE8-4727-9797-5D5338A78BB6}.Release|Any CPU.Build.0 = Release|Any CPU
		{61CBBAB9-1AE8-4727-9797-5D5338A78BB6}.Release|Any CPU.Deploy.0 = Release|Any CPU
		{61CBBAB9-1AE8-4727-9797-5D5338A78BB6}.Release|ARM.ActiveCfg = Release|ARM
		{61CBBAB9-1AE8-4727-9797-5D5338A78BB6}.Release|ARM.Build.0 = Release|ARM
		{61CBBAB9-1AE8-4727-9797-5D5338A78BB6}.Release|ARM.Deploy.0 = Release|ARM
		{61CBBAB9-1AE8-4727-9797-5D5338A78BB6}.Release|iPhone.ActiveCfg = Release|Any CPU
		{61CBBAB9-1AE8-4727-9797-5D5338A78BB6}.Release|iPhone.Build.0 = Release|Any CPU
		{61CBBAB9-1AE8-4727-9797-5D5338A78BB6}.Release|iPhone.Deploy.0 = Release|Any CPU
		{61CBBAB9-1AE8-4727-9797-5D5338A78BB6}.Release|iPhoneSimulator.ActiveCfg = Release|Any CPU
		{61CBBAB9-1AE8-4727-9797-5D5338A78BB6}.Release|iPhoneSimulator.Build.0 = Release|Any CPU
		{61CBBAB9-1AE8-4727-9797-5D5338A78BB6}.Release|iPhoneSimulator.Deploy.0 = Release|Any CPU
		{61CBBAB9-1AE8-4727-9797-5D5338A78BB6}.Release|x64.ActiveCfg = Release|Any CPU
		{61CBBAB9-1AE8-4727-9797-5D5338A78BB6}.Release|x64.Build.0 = Release|Any CPU
		{61CBBAB9-1AE8-4727-9797-5D5338A78BB6}.Release|x64.Deploy.0 = Release|Any CPU
		{61CBBAB9-1AE8-4727-9797-5D5338A78BB6}.Release|x86.ActiveCfg = Release|x86
		{61CBBAB9-1AE8-4727-9797-5D5338A78BB6}.Release|x86.Build.0 = Release|x86
		{61CBBAB9-1AE8-4727-9797-5D5338A78BB6}.Release|x86.Deploy.0 = Release|x86
		{62199476-79B5-4ABD-B610-616C0F46C513}.Ad-Hoc|Any CPU.ActiveCfg = Release|x86
		{62199476-79B5-4ABD-B610-616C0F46C513}.Ad-Hoc|Any CPU.Build.0 = Release|x86
		{62199476-79B5-4ABD-B610-616C0F46C513}.Ad-Hoc|Any CPU.Deploy.0 = Release|x86
		{62199476-79B5-4ABD-B610-616C0F46C513}.Ad-Hoc|ARM.ActiveCfg = Release|ARM
		{62199476-79B5-4ABD-B610-616C0F46C513}.Ad-Hoc|ARM.Build.0 = Release|ARM
		{62199476-79B5-4ABD-B610-616C0F46C513}.Ad-Hoc|ARM.Deploy.0 = Release|ARM
		{62199476-79B5-4ABD-B610-616C0F46C513}.Ad-Hoc|iPhone.ActiveCfg = Release|x86
		{62199476-79B5-4ABD-B610-616C0F46C513}.Ad-Hoc|iPhone.Build.0 = Release|x86
		{62199476-79B5-4ABD-B610-616C0F46C513}.Ad-Hoc|iPhone.Deploy.0 = Release|x86
		{62199476-79B5-4ABD-B610-616C0F46C513}.Ad-Hoc|iPhoneSimulator.ActiveCfg = Release|x86
		{62199476-79B5-4ABD-B610-616C0F46C513}.Ad-Hoc|iPhoneSimulator.Build.0 = Release|x86
		{62199476-79B5-4ABD-B610-616C0F46C513}.Ad-Hoc|iPhoneSimulator.Deploy.0 = Release|x86
		{62199476-79B5-4ABD-B610-616C0F46C513}.Ad-Hoc|x64.ActiveCfg = Release|x64
		{62199476-79B5-4ABD-B610-616C0F46C513}.Ad-Hoc|x64.Build.0 = Release|x64
		{62199476-79B5-4ABD-B610-616C0F46C513}.Ad-Hoc|x64.Deploy.0 = Release|x64
		{62199476-79B5-4ABD-B610-616C0F46C513}.Ad-Hoc|x86.ActiveCfg = Release|x86
		{62199476-79B5-4ABD-B610-616C0F46C513}.Ad-Hoc|x86.Build.0 = Release|x86
		{62199476-79B5-4ABD-B610-616C0F46C513}.Ad-Hoc|x86.Deploy.0 = Release|x86
		{62199476-79B5-4ABD-B610-616C0F46C513}.AppStore|Any CPU.ActiveCfg = Release|x86
		{62199476-79B5-4ABD-B610-616C0F46C513}.AppStore|Any CPU.Build.0 = Release|x86
		{62199476-79B5-4ABD-B610-616C0F46C513}.AppStore|Any CPU.Deploy.0 = Release|x86
		{62199476-79B5-4ABD-B610-616C0F46C513}.AppStore|ARM.ActiveCfg = Release|ARM
		{62199476-79B5-4ABD-B610-616C0F46C513}.AppStore|ARM.Build.0 = Release|ARM
		{62199476-79B5-4ABD-B610-616C0F46C513}.AppStore|ARM.Deploy.0 = Release|ARM
		{62199476-79B5-4ABD-B610-616C0F46C513}.AppStore|iPhone.ActiveCfg = Release|x86
		{62199476-79B5-4ABD-B610-616C0F46C513}.AppStore|iPhone.Build.0 = Release|x86
		{62199476-79B5-4ABD-B610-616C0F46C513}.AppStore|iPhone.Deploy.0 = Release|x86
		{62199476-79B5-4ABD-B610-616C0F46C513}.AppStore|iPhoneSimulator.ActiveCfg = Release|x86
		{62199476-79B5-4ABD-B610-616C0F46C513}.AppStore|iPhoneSimulator.Build.0 = Release|x86
		{62199476-79B5-4ABD-B610-616C0F46C513}.AppStore|iPhoneSimulator.Deploy.0 = Release|x86
		{62199476-79B5-4ABD-B610-616C0F46C513}.AppStore|x64.ActiveCfg = Release|x64
		{62199476-79B5-4ABD-B610-616C0F46C513}.AppStore|x64.Build.0 = Release|x64
		{62199476-79B5-4ABD-B610-616C0F46C513}.AppStore|x64.Deploy.0 = Release|x64
		{62199476-79B5-4ABD-B610-616C0F46C513}.AppStore|x86.ActiveCfg = Release|x86
		{62199476-79B5-4ABD-B610-616C0F46C513}.AppStore|x86.Build.0 = Release|x86
		{62199476-79B5-4ABD-B610-616C0F46C513}.AppStore|x86.Deploy.0 = Release|x86
		{62199476-79B5-4ABD-B610-616C0F46C513}.Debug|Any CPU.ActiveCfg = Debug|x86
		{62199476-79B5-4ABD-B610-616C0F46C513}.Debug|Any CPU.Build.0 = Debug|x86
		{62199476-79B5-4ABD-B610-616C0F46C513}.Debug|Any CPU.Deploy.0 = Debug|x86
		{62199476-79B5-4ABD-B610-616C0F46C513}.Debug|ARM.ActiveCfg = Debug|ARM
		{62199476-79B5-4ABD-B610-616C0F46C513}.Debug|ARM.Build.0 = Debug|ARM
		{62199476-79B5-4ABD-B610-616C0F46C513}.Debug|ARM.Deploy.0 = Debug|ARM
		{62199476-79B5-4ABD-B610-616C0F46C513}.Debug|iPhone.ActiveCfg = Debug|x86
		{62199476-79B5-4ABD-B610-616C0F46C513}.Debug|iPhone.Build.0 = Debug|x86
		{62199476-79B5-4ABD-B610-616C0F46C513}.Debug|iPhone.Deploy.0 = Debug|x86
		{62199476-79B5-4ABD-B610-616C0F46C513}.Debug|iPhoneSimulator.ActiveCfg = Debug|x86
		{62199476-79B5-4ABD-B610-616C0F46C513}.Debug|x64.ActiveCfg = Debug|x64
		{62199476-79B5-4ABD-B610-616C0F46C513}.Debug|x64.Build.0 = Debug|x64
		{62199476-79B5-4ABD-B610-616C0F46C513}.Debug|x64.Deploy.0 = Debug|x64
		{62199476-79B5-4ABD-B610-616C0F46C513}.Debug|x86.ActiveCfg = Debug|x86
		{62199476-79B5-4ABD-B610-616C0F46C513}.Debug|x86.Build.0 = Debug|x86
		{62199476-79B5-4ABD-B610-616C0F46C513}.Debug|x86.Deploy.0 = Debug|x86
		{62199476-79B5-4ABD-B610-616C0F46C513}.Release|Any CPU.ActiveCfg = Release|x86
		{62199476-79B5-4ABD-B610-616C0F46C513}.Release|ARM.ActiveCfg = Release|ARM
		{62199476-79B5-4ABD-B610-616C0F46C513}.Release|ARM.Build.0 = Release|ARM
		{62199476-79B5-4ABD-B610-616C0F46C513}.Release|ARM.Deploy.0 = Release|ARM
		{62199476-79B5-4ABD-B610-616C0F46C513}.Release|iPhone.ActiveCfg = Release|x86
		{62199476-79B5-4ABD-B610-616C0F46C513}.Release|iPhoneSimulator.ActiveCfg = Release|x86
		{62199476-79B5-4ABD-B610-616C0F46C513}.Release|x64.ActiveCfg = Release|x64
		{62199476-79B5-4ABD-B610-616C0F46C513}.Release|x64.Build.0 = Release|x64
		{62199476-79B5-4ABD-B610-616C0F46C513}.Release|x64.Deploy.0 = Release|x64
		{62199476-79B5-4ABD-B610-616C0F46C513}.Release|x86.ActiveCfg = Release|x86
		{62199476-79B5-4ABD-B610-616C0F46C513}.Release|x86.Build.0 = Release|x86
		{62199476-79B5-4ABD-B610-616C0F46C513}.Release|x86.Deploy.0 = Release|x86
		{4BC2217A-6511-4833-9997-D0E7719EAA2A}.Ad-Hoc|Any CPU.ActiveCfg = Release|Any CPU
		{4BC2217A-6511-4833-9997-D0E7719EAA2A}.Ad-Hoc|Any CPU.Build.0 = Release|Any CPU
		{4BC2217A-6511-4833-9997-D0E7719EAA2A}.Ad-Hoc|Any CPU.Deploy.0 = Release|Any CPU
		{4BC2217A-6511-4833-9997-D0E7719EAA2A}.Ad-Hoc|ARM.ActiveCfg = Release|ARM
		{4BC2217A-6511-4833-9997-D0E7719EAA2A}.Ad-Hoc|ARM.Build.0 = Release|ARM
		{4BC2217A-6511-4833-9997-D0E7719EAA2A}.Ad-Hoc|ARM.Deploy.0 = Release|ARM
		{4BC2217A-6511-4833-9997-D0E7719EAA2A}.Ad-Hoc|iPhone.ActiveCfg = Release|Any CPU
		{4BC2217A-6511-4833-9997-D0E7719EAA2A}.Ad-Hoc|iPhone.Build.0 = Release|Any CPU
		{4BC2217A-6511-4833-9997-D0E7719EAA2A}.Ad-Hoc|iPhone.Deploy.0 = Release|Any CPU
		{4BC2217A-6511-4833-9997-D0E7719EAA2A}.Ad-Hoc|iPhoneSimulator.ActiveCfg = Release|Any CPU
		{4BC2217A-6511-4833-9997-D0E7719EAA2A}.Ad-Hoc|iPhoneSimulator.Build.0 = Release|Any CPU
		{4BC2217A-6511-4833-9997-D0E7719EAA2A}.Ad-Hoc|iPhoneSimulator.Deploy.0 = Release|Any CPU
		{4BC2217A-6511-4833-9997-D0E7719EAA2A}.Ad-Hoc|x64.ActiveCfg = Release|x64
		{4BC2217A-6511-4833-9997-D0E7719EAA2A}.Ad-Hoc|x64.Build.0 = Release|x64
		{4BC2217A-6511-4833-9997-D0E7719EAA2A}.Ad-Hoc|x64.Deploy.0 = Release|x64
		{4BC2217A-6511-4833-9997-D0E7719EAA2A}.Ad-Hoc|x86.ActiveCfg = Release|x86
		{4BC2217A-6511-4833-9997-D0E7719EAA2A}.Ad-Hoc|x86.Build.0 = Release|x86
		{4BC2217A-6511-4833-9997-D0E7719EAA2A}.Ad-Hoc|x86.Deploy.0 = Release|x86
		{4BC2217A-6511-4833-9997-D0E7719EAA2A}.AppStore|Any CPU.ActiveCfg = Release|Any CPU
		{4BC2217A-6511-4833-9997-D0E7719EAA2A}.AppStore|Any CPU.Build.0 = Release|Any CPU
		{4BC2217A-6511-4833-9997-D0E7719EAA2A}.AppStore|Any CPU.Deploy.0 = Release|Any CPU
		{4BC2217A-6511-4833-9997-D0E7719EAA2A}.AppStore|ARM.ActiveCfg = Release|ARM
		{4BC2217A-6511-4833-9997-D0E7719EAA2A}.AppStore|ARM.Build.0 = Release|ARM
		{4BC2217A-6511-4833-9997-D0E7719EAA2A}.AppStore|ARM.Deploy.0 = Release|ARM
		{4BC2217A-6511-4833-9997-D0E7719EAA2A}.AppStore|iPhone.ActiveCfg = Release|Any CPU
		{4BC2217A-6511-4833-9997-D0E7719EAA2A}.AppStore|iPhone.Build.0 = Release|Any CPU
		{4BC2217A-6511-4833-9997-D0E7719EAA2A}.AppStore|iPhone.Deploy.0 = Release|Any CPU
		{4BC2217A-6511-4833-9997-D0E7719EAA2A}.AppStore|iPhoneSimulator.ActiveCfg = Release|Any CPU
		{4BC2217A-6511-4833-9997-D0E7719EAA2A}.AppStore|iPhoneSimulator.Build.0 = Release|Any CPU
		{4BC2217A-6511-4833-9997-D0E7719EAA2A}.AppStore|iPhoneSimulator.Deploy.0 = Release|Any CPU
		{4BC2217A-6511-4833-9997-D0E7719EAA2A}.AppStore|x64.ActiveCfg = Release|x64
		{4BC2217A-6511-4833-9997-D0E7719EAA2A}.AppStore|x64.Build.0 = Release|x64
		{4BC2217A-6511-4833-9997-D0E7719EAA2A}.AppStore|x64.Deploy.0 = Release|x64
		{4BC2217A-6511-4833-9997-D0E7719EAA2A}.AppStore|x86.ActiveCfg = Release|x86
		{4BC2217A-6511-4833-9997-D0E7719EAA2A}.AppStore|x86.Build.0 = Release|x86
		{4BC2217A-6511-4833-9997-D0E7719EAA2A}.AppStore|x86.Deploy.0 = Release|x86
		{4BC2217A-6511-4833-9997-D0E7719EAA2A}.Debug|Any CPU.ActiveCfg = Debug|Any CPU
		{4BC2217A-6511-4833-9997-D0E7719EAA2A}.Debug|Any CPU.Build.0 = Debug|Any CPU
		{4BC2217A-6511-4833-9997-D0E7719EAA2A}.Debug|Any CPU.Deploy.0 = Debug|Any CPU
		{4BC2217A-6511-4833-9997-D0E7719EAA2A}.Debug|ARM.ActiveCfg = Debug|ARM
		{4BC2217A-6511-4833-9997-D0E7719EAA2A}.Debug|ARM.Build.0 = Debug|ARM
		{4BC2217A-6511-4833-9997-D0E7719EAA2A}.Debug|ARM.Deploy.0 = Debug|ARM
		{4BC2217A-6511-4833-9997-D0E7719EAA2A}.Debug|iPhone.ActiveCfg = Debug|Any CPU
		{4BC2217A-6511-4833-9997-D0E7719EAA2A}.Debug|iPhone.Build.0 = Debug|Any CPU
		{4BC2217A-6511-4833-9997-D0E7719EAA2A}.Debug|iPhone.Deploy.0 = Debug|Any CPU
		{4BC2217A-6511-4833-9997-D0E7719EAA2A}.Debug|iPhoneSimulator.ActiveCfg = Debug|Any CPU
		{4BC2217A-6511-4833-9997-D0E7719EAA2A}.Debug|iPhoneSimulator.Build.0 = Debug|Any CPU
		{4BC2217A-6511-4833-9997-D0E7719EAA2A}.Debug|iPhoneSimulator.Deploy.0 = Debug|Any CPU
		{4BC2217A-6511-4833-9997-D0E7719EAA2A}.Debug|x64.ActiveCfg = Debug|x64
		{4BC2217A-6511-4833-9997-D0E7719EAA2A}.Debug|x64.Build.0 = Debug|x64
		{4BC2217A-6511-4833-9997-D0E7719EAA2A}.Debug|x64.Deploy.0 = Debug|x64
		{4BC2217A-6511-4833-9997-D0E7719EAA2A}.Debug|x86.ActiveCfg = Debug|x86
		{4BC2217A-6511-4833-9997-D0E7719EAA2A}.Debug|x86.Build.0 = Debug|x86
		{4BC2217A-6511-4833-9997-D0E7719EAA2A}.Debug|x86.Deploy.0 = Debug|x86
		{4BC2217A-6511-4833-9997-D0E7719EAA2A}.Release|Any CPU.ActiveCfg = Release|Any CPU
		{4BC2217A-6511-4833-9997-D0E7719EAA2A}.Release|Any CPU.Build.0 = Release|Any CPU
		{4BC2217A-6511-4833-9997-D0E7719EAA2A}.Release|Any CPU.Deploy.0 = Release|Any CPU
		{4BC2217A-6511-4833-9997-D0E7719EAA2A}.Release|ARM.ActiveCfg = Release|ARM
		{4BC2217A-6511-4833-9997-D0E7719EAA2A}.Release|ARM.Build.0 = Release|ARM
		{4BC2217A-6511-4833-9997-D0E7719EAA2A}.Release|ARM.Deploy.0 = Release|ARM
		{4BC2217A-6511-4833-9997-D0E7719EAA2A}.Release|iPhone.ActiveCfg = Release|Any CPU
		{4BC2217A-6511-4833-9997-D0E7719EAA2A}.Release|iPhone.Build.0 = Release|Any CPU
		{4BC2217A-6511-4833-9997-D0E7719EAA2A}.Release|iPhone.Deploy.0 = Release|Any CPU
		{4BC2217A-6511-4833-9997-D0E7719EAA2A}.Release|iPhoneSimulator.ActiveCfg = Release|Any CPU
		{4BC2217A-6511-4833-9997-D0E7719EAA2A}.Release|iPhoneSimulator.Build.0 = Release|Any CPU
		{4BC2217A-6511-4833-9997-D0E7719EAA2A}.Release|iPhoneSimulator.Deploy.0 = Release|Any CPU
		{4BC2217A-6511-4833-9997-D0E7719EAA2A}.Release|x64.ActiveCfg = Release|x64
		{4BC2217A-6511-4833-9997-D0E7719EAA2A}.Release|x64.Build.0 = Release|x64
		{4BC2217A-6511-4833-9997-D0E7719EAA2A}.Release|x64.Deploy.0 = Release|x64
		{4BC2217A-6511-4833-9997-D0E7719EAA2A}.Release|x86.ActiveCfg = Release|x86
		{4BC2217A-6511-4833-9997-D0E7719EAA2A}.Release|x86.Build.0 = Release|x86
		{4BC2217A-6511-4833-9997-D0E7719EAA2A}.Release|x86.Deploy.0 = Release|x86
	EndGlobalSection
	GlobalSection(SolutionProperties) = preSolution
		HideSolutionNode = FALSE
	EndGlobalSection
EndGlobal
